{
  "name": "openguardrails-monorepo",
  "lockfileVersion": 3,
  "requires": true,
  "packages": {
    "": {
      "name": "openguardrails-monorepo",
      "license": "Apache-2.0",
      "devDependencies": {
        "typescript": "^5.7.0"
      }
    },
    "integrations/agent/claude-code": {
      "name": "@openguardrails/instrumentation-claude-code",
      "version": "0.1.0",
      "extraneous": true,
      "license": "Apache-2.0",
      "dependencies": {
        "@openguardrails/core": "^0.2.0"
      },
      "devDependencies": {
        "esbuild": "^0.24.0"
      }
    },
    "integrations/agent/codex": {
      "name": "openguardrails-instrumentation-codex",
      "version": "0.2.0",
      "extraneous": true,
      "license": "Apache-2.0",
      "dependencies": {
        "@openguardrails/core": "^0.2.0"
      },
      "devDependencies": {
        "esbuild": "^0.24.0"
      }
    },
    "integrations/agent/dsh": {
      "name": "@openguardrails/dsh-auto-mode",
      "version": "0.1.6",
      "extraneous": true,
      "license": "Apache-2.0",
      "dependencies": {
        "@openguardrails/core": "^0.2.0"
      },
      "devDependencies": {
        "@deepseek-ai/cordis": "^4.0.1",
        "@deepseek-ai/dsh-agent": "0.1.0-rc.6",
        "@deepseek-ai/dsh-llm": "0.1.0-rc.6",
        "@deepseek-ai/dsh-session": "0.1.0-rc.6",
        "@deepseek-ai/dsh-settings": "^0.0.1-rc.1",
        "@deepseek-ai/dsh-system-prompt": "0.1.0-rc.6",
        "@deepseek-ai/dsh-tools": "0.1.0-rc.6",
        "@deepseek-ai/dsh-user-approval": "^0.1.0-rc.6",
        "@deepseek-ai/schemastery": "^3.18.1",
        "@types/node": "^22",
        "esbuild": "^0.24.2",
        "typescript": "^5.7.0"
      },
      "peerDependencies": {
        "@deepseek-ai/cordis": "*",
        "@deepseek-ai/dsh-agent": "*",
        "@deepseek-ai/dsh-llm": "*",
        "@deepseek-ai/dsh-session": "*",
        "@deepseek-ai/dsh-settings": "*",
        "@deepseek-ai/dsh-tools": "*",
        "@deepseek-ai/dsh-user-approval": "*",
        "@deepseek-ai/schemastery": "*"
      },
      "peerDependenciesMeta": {
        "@deepseek-ai/dsh-user-approval": {
          "optional": true
        }
      }
    },
    "integrations/agent/openclaw": {
      "name": "openguardrails-instrumentation-openclaw",
      "version": "0.2.0",
      "extraneous": true,
      "license": "Apache-2.0",
      "dependencies": {
        "@openguardrails/core": "^0.2.0"
      },
      "devDependencies": {
        "@types/node": "^22",
        "openclaw": "^2026.6.10",
        "typescript": "^5.7.0"
      },
      "peerDependencies": {
        "openclaw": "*"
      }
    },
    "integrations/agent/opencode": {
      "name": "@openguardrails/opencode-auto-mode",
      "version": "0.2.0",
      "extraneous": true,
      "license": "Apache-2.0",
      "dependencies": {
        "@openguardrails/core": "^0.2.0"
      },
      "devDependencies": {
        "@opencode-ai/plugin": "latest",
        "@types/node": "^22",
        "typescript": "^5.7.0"
      },
      "peerDependencies": {
        "@opencode-ai/plugin": "*"
      }
    },
    "node_modules/typescript": {
      "version": "5.9.3",
      "resolved": "https://registry.npmjs.org/typescript/-/typescript-5.9.3.tgz",
      "integrity": "sha512-jl1vZzPDinLr9eUt3J/t7V6FgNEw9QjvBPdysz9KfQDD41fQrC2Y4vKQdiaUpFT4bXlb1RHhLpp8wtm6M5TgSw==",
      "dev": true,
      "license": "Apache-2.0",
      "bin": {
        "tsc": "bin/tsc",
        "tsserver": "bin/tsserver"
      },
      "engines": {
        "node": ">=14.17"
      }
    },
    "packages/javascript": {
      "name": "@openguardrails/core",
      "version": "0.2.0",
      "extraneous": true,
      "license": "Apache-2.0",
      "devDependencies": {
        "@types/node": "^22"
      }
    },
    "website": {
      "name": "openguardrails.com",
      "version": "0.1.0",
      "extraneous": true,
      "dependencies": {
        "@mdx-js/loader": "^3.1.1",
        "@mdx-js/react": "^3.1.1",
        "@next/mdx": "^16.2.9",
        "@types/mdx": "^2.0.14",
        "next": "^14.2.35",
        "react": "18.3.1",
        "react-dom": "18.3.1",
        "rehype-slug": "^6.0.0",
        "remark-gfm": "^4.0.1"
      },
      "devDependencies": {
        "@types/node": "20.14.0",
        "@types/react": "18.3.3",
        "@types/react-dom": "18.3.0",
        "autoprefixer": "10.4.19",
        "postcss": "8.4.39",
        "tailwindcss": "3.4.6",
        "typescript": "5.5.3"
      }
    }
  }
}
